
Microsoft Visual Studio Solution File, Format Version 12.00
# Visual Studio Version 17
VisualStudioVersion = 17.5.33502.453
MinimumVisualStudioVersion = 10.0.40219.1
Project("{FAE04EC0-301F-11D3-BF4B-00C04F79EFBC}") = "Task4", "Task4.csproj", "{DFB19AF4-F999-450D-AB0A-86646BD5AAD0}"
EndProject
Global
	GlobalSection(SolutionConfigurationPlatforms) = preSolution
		Debug|Any CPU = Debug|Any CPU
		Release|Any CPU = Release|Any CPU
	EndGlobalSection
	GlobalSection(ProjectConfigurationPlatforms) = postSolution
		{DFB19AF4-F999-450D-AB0A-86646BD5AAD0}.Debug|Any CPU.ActiveCfg = Debug|Any CPU
		{DFB19AF4-F999-450D-AB0A-86646BD5AAD0}.Debug|Any CPU.Build.0 = Debug|Any CPU
		{DFB19AF4-F999-450D-AB0A-86646BD5AAD0}.Release|Any CPU.ActiveCfg = Release|Any CPU
		{DFB19AF4-F999-450D-AB0A-86646BD5AAD0}.Release|Any CPU.Build.0 = Release|Any CPU
	EndGlobalSection
	GlobalSection(SolutionProperties) = preSolution
		HideSolutionNode = FALSE
	EndGlobalSection
	GlobalSection(ExtensibilityGlobals) = postSolution
		SolutionGuid = {9CB7386C-AAF4-4EC6-8DB4-5DFD8E9BCA18}
	EndGlobalSection
EndGlobal
